
Microsoft Visual Studio Solution File, Format Version 12.00
# Visual Studio Version 16
VisualStudioVersion = 16.0.29924.181
MinimumVisualStudioVersion = 10.0.40219.1
Project("{FAE04EC0-301F-11D3-BF4B-00C04F79EFBC}") = "BlazorDisplayMenuAtCaret", "BlazorDisplayMenuAtCaret\BlazorDisplayMenuAtCaret.csproj", "{6356B47E-3089-4153-8E6A-FA181DB9A868}"
EndProject
Global
	GlobalSection(SolutionConfigurationPlatforms) = preSolution
		Debug|Any CPU = Debug|Any CPU
		Release|Any CPU = Release|Any CPU
	EndGlobalSection
	GlobalSection(ProjectConfigurationPlatforms) = postSolution
		{6356B47E-3089-4153-8E6A-FA181DB9A868}.Debug|Any CPU.ActiveCfg = Debug|Any CPU
		{6356B47E-3089-4153-8E6A-FA181DB9A868}.Debug|Any CPU.Build.0 = Debug|Any CPU
		{6356B47E-3089-4153-8E6A-FA181DB9A868}.Release|Any CPU.ActiveCfg = Release|Any CPU
		{6356B47E-3089-4153-8E6A-FA181DB9A868}.Release|Any CPU.Build.0 = Release|Any CPU
	EndGlobalSection
	GlobalSection(SolutionProperties) = preSolution
		HideSolutionNode = FALSE
	EndGlobalSection
	GlobalSection(ExtensibilityGlobals) = postSolution
		SolutionGuid = {E6129CA5-7C18-48EE-A835-706B1A01DEAD}
	EndGlobalSection
EndGlobal
